
Microsoft Visual Studio Solution File, Format Version 12.00
# Visual Studio Version 17
VisualStudioVersion = 17.8.34525.116
MinimumVisualStudioVersion = 10.0.40219.1
Project("{FAE04EC0-301F-11D3-BF4B-00C04F79EFBC}") = "PipelineDemo_github", "PipelineDemo_github\PipelineDemo_github.csproj", "{F8786D6F-7652-43FF-81B9-51AFC50139DC}"
EndProject
Global
	GlobalSection(SolutionConfigurationPlatforms) = preSolution
		Debug|Any CPU = Debug|Any CPU
		Release|Any CPU = Release|Any CPU
	EndGlobalSection
	GlobalSection(ProjectConfigurationPlatforms) = postSolution
		{F8786D6F-7652-43FF-81B9-51AFC50139DC}.Debug|Any CPU.ActiveCfg = Debug|Any CPU
		{F8786D6F-7652-43FF-81B9-51AFC50139DC}.Debug|Any CPU.Build.0 = Debug|Any CPU
		{F8786D6F-7652-43FF-81B9-51AFC50139DC}.Release|Any CPU.ActiveCfg = Release|Any CPU
		{F8786D6F-7652-43FF-81B9-51AFC50139DC}.Release|Any CPU.Build.0 = Release|Any CPU
	EndGlobalSection
	GlobalSection(SolutionProperties) = preSolution
		HideSolutionNode = FALSE
	EndGlobalSection
	GlobalSection(ExtensibilityGlobals) = postSolution
		SolutionGuid = {F8CD8689-DBE8-41BB-97D3-03EDD3BE22FE}
	EndGlobalSection
EndGlobal
